
Microsoft Visual Studio Solution File, Format Version 12.00
# Visual Studio Version 17
VisualStudioVersion = 17.3.32901.215
MinimumVisualStudioVersion = 10.0.40219.1
Project("{9A19103F-16F7-4668-BE54-9A1E7A4F7556}") = "WPFMineraliDomaci", "WPFMineraliDomaci\WPFMineraliDomaci.csproj", "{367963B9-BB8E-4B80-ADC5-EDB1BCB5E041}"
EndProject
Global
	GlobalSection(SolutionConfigurationPlatforms) = preSolution
		Debug|Any CPU = Debug|Any CPU
		Release|Any CPU = Release|Any CPU
	EndGlobalSection
	GlobalSection(ProjectConfigurationPlatforms) = postSolution
		{367963B9-BB8E-4B80-ADC5-EDB1BCB5E041}.Debug|Any CPU.ActiveCfg = Debug|Any CPU
		{367963B9-BB8E-4B80-ADC5-EDB1BCB5E041}.Debug|Any CPU.Build.0 = Debug|Any CPU
		{367963B9-BB8E-4B80-ADC5-EDB1BCB5E041}.Release|Any CPU.ActiveCfg = Release|Any CPU
		{367963B9-BB8E-4B80-ADC5-EDB1BCB5E041}.Release|Any CPU.Build.0 = Release|Any CPU
	EndGlobalSection
	GlobalSection(SolutionProperties) = preSolution
		HideSolutionNode = FALSE
	EndGlobalSection
	GlobalSection(ExtensibilityGlobals) = postSolution
		SolutionGuid = {63FC4C5D-5934-48A4-8032-4D9DE0437F0B}
	EndGlobalSection
EndGlobal
